
Microsoft Visual Studio Solution File, Format Version 12.00
# Visual Studio 15
VisualStudioVersion = 15.0.26430.12
MinimumVisualStudioVersion = 10.0.40219.1
Project("{2150E333-8FDC-42A3-9474-1A3956D46DE8}") = "src", "src", "{2FFA9BA2-0992-4935-86A1-E982B93D0432}"
EndProject
Project("{FAE04EC0-301F-11D3-BF4B-00C04F79EFBC}") = "Domion.Core", "src\Domion.Core\Domion.Core.csproj", "{124CC9C3-A86B-4C03-B229-28A92172C39B}"
EndProject
Project("{2150E333-8FDC-42A3-9474-1A3956D46DE8}") = "Solution Items", "Solution Items", "{A928011B-F416-4902-9C0F-AA751734085A}"
	ProjectSection(SolutionItems) = preProject
		.editorconfig = .editorconfig
	EndProjectSection
EndProject
Project("{FAE04EC0-301F-11D3-BF4B-00C04F79EFBC}") = "Domion.Lib", "src\Domion.Lib\Domion.Lib.csproj", "{2D6CAD25-12EB-4E34-B9EB-E66C894D40DD}"
EndProject
Project("{2150E333-8FDC-42A3-9474-1A3956D46DE8}") = "samples", "samples", "{BD8AE2F6-7CD7-4D64-B815-C51DE6D34219}"
EndProject
Project("{FAE04EC0-301F-11D3-BF4B-00C04F79EFBC}") = "DFlow.Budget.Core", "samples\DFlow.Budget.Core\DFlow.Budget.Core.csproj", "{8FFEA04B-E551-47F5-BB84-EF8DF86FF1A2}"
EndProject
Project("{FAE04EC0-301F-11D3-BF4B-00C04F79EFBC}") = "DFlow.Budget.Lib", "samples\DFlow.Budget.Lib\DFlow.Budget.Lib.csproj", "{ED29DD25-9E6D-441A-94DC-3081F79C85A9}"
EndProject
Project("{FAE04EC0-301F-11D3-BF4B-00C04F79EFBC}") = "DFlow.Transactions.Core", "samples\DFlow.Transactions.Core\DFlow.Transactions.Core.csproj", "{08B52E17-7362-4114-B0F1-C67C98EF30E4}"
EndProject
Project("{FAE04EC0-301F-11D3-BF4B-00C04F79EFBC}") = "DFlow.Transactions.Lib", "samples\DFlow.Transactions.Lib\DFlow.Transactions.Lib.csproj", "{F2126BEE-0366-4999-9472-495F40ED33A8}"
EndProject
Project("{2150E333-8FDC-42A3-9474-1A3956D46DE8}") = "tests", "tests", "{F5C5CBCC-5824-4CF9-BD82-F4E55D116EAA}"
EndProject
Project("{FAE04EC0-301F-11D3-BF4B-00C04F79EFBC}") = "DFlow.Budget.Lib.Tests", "tests\DFlow.Budget.Lib.Tests\DFlow.Budget.Lib.Tests.csproj", "{66186C10-45E2-4227-8F8B-CA69650072C1}"
EndProject
Project("{FAE04EC0-301F-11D3-BF4B-00C04F79EFBC}") = "DFlow.CLI", "samples\DFlow.CLI\DFlow.CLI.csproj", "{02A45136-7161-4A89-B6B2-8DC84B54750C}"
EndProject
Project("{2150E333-8FDC-42A3-9474-1A3956D46DE8}") = "scripts", "scripts", "{33794F96-A61B-4BAF-8971-49654079BCE5}"
	ProjectSection(SolutionItems) = preProject
		scripts\add-migration.cmd = scripts\add-migration.cmd
		scripts\remove-migration.cmd = scripts\remove-migration.cmd
	EndProjectSection
EndProject
Project("{FAE04EC0-301F-11D3-BF4B-00C04F79EFBC}") = "Domion.FluentAssertions", "src\Domion.FluentAssertions\Domion.FluentAssertions.csproj", "{BE0B774E-7BEC-4C5C-887E-BD3D2D57FE1C}"
EndProject
Project("{2150E333-8FDC-42A3-9474-1A3956D46DE8}") = "specs", "specs", "{BEFBAD94-5DE2-40BA-844B-AF64DEB21F5A}"
EndProject
Project("{FAE04EC0-301F-11D3-BF4B-00C04F79EFBC}") = "DFlow.Budget.Specs", "specs\DFlow.Budget.Specs\DFlow.Budget.Specs.csproj", "{A0BB35E4-9E54-4073-A216-ED9BA682BD18}"
EndProject
Project("{FAE04EC0-301F-11D3-BF4B-00C04F79EFBC}") = "DFlow.Budget.Setup", "samples\DFlow.Budget.Setup\DFlow.Budget.Setup.csproj", "{5E8721D7-FD0B-4D28-A06D-0864202B0196}"
EndProject
Global
	GlobalSection(SolutionConfigurationPlatforms) = preSolution
		Debug|Any CPU = Debug|Any CPU
		Release|Any CPU = Release|Any CPU
	EndGlobalSection
	GlobalSection(ProjectConfigurationPlatforms) = postSolution
		{124CC9C3-A86B-4C03-B229-28A92172C39B}.Debug|Any CPU.ActiveCfg = Debug|Any CPU
		{124CC9C3-A86B-4C03-B229-28A92172C39B}.Debug|Any CPU.Build.0 = Debug|Any CPU
		{124CC9C3-A86B-4C03-B229-28A92172C39B}.Release|Any CPU.ActiveCfg = Release|Any CPU
		{124CC9C3-A86B-4C03-B229-28A92172C39B}.Release|Any CPU.Build.0 = Release|Any CPU
		{2D6CAD25-12EB-4E34-B9EB-E66C894D40DD}.Debug|Any CPU.ActiveCfg = Debug|Any CPU
		{2D6CAD25-12EB-4E34-B9EB-E66C894D40DD}.Debug|Any CPU.Build.0 = Debug|Any CPU
		{2D6CAD25-12EB-4E34-B9EB-E66C894D40DD}.Release|Any CPU.ActiveCfg = Release|Any CPU
		{2D6CAD25-12EB-4E34-B9EB-E66C894D40DD}.Release|Any CPU.Build.0 = Release|Any CPU
		{8FFEA04B-E551-47F5-BB84-EF8DF86FF1A2}.Debug|Any CPU.ActiveCfg = Debug|Any CPU
		{8FFEA04B-E551-47F5-BB84-EF8DF86FF1A2}.Debug|Any CPU.Build.0 = Debug|Any CPU
		{8FFEA04B-E551-47F5-BB84-EF8DF86FF1A2}.Release|Any CPU.ActiveCfg = Release|Any CPU
		{8FFEA04B-E551-47F5-BB84-EF8DF86FF1A2}.Release|Any CPU.Build.0 = Release|Any CPU
		{ED29DD25-9E6D-441A-94DC-3081F79C85A9}.Debug|Any CPU.ActiveCfg = Debug|Any CPU
		{ED29DD25-9E6D-441A-94DC-3081F79C85A9}.Debug|Any CPU.Build.0 = Debug|Any CPU
		{ED29DD25-9E6D-441A-94DC-3081F79C85A9}.Release|Any CPU.ActiveCfg = Release|Any CPU
		{ED29DD25-9E6D-441A-94DC-3081F79C85A9}.Release|Any CPU.Build.0 = Release|Any CPU
		{08B52E17-7362-4114-B0F1-C67C98EF30E4}.Debug|Any CPU.ActiveCfg = Debug|Any CPU
		{08B52E17-7362-4114-B0F1-C67C98EF30E4}.Debug|Any CPU.Build.0 = Debug|Any CPU
		{08B52E17-7362-4114-B0F1-C67C98EF30E4}.Release|Any CPU.ActiveCfg = Release|Any CPU
		{08B52E17-7362-4114-B0F1-C67C98EF30E4}.Release|Any CPU.Build.0 = Release|Any CPU
		{F2126BEE-0366-4999-9472-495F40ED33A8}.Debug|Any CPU.ActiveCfg = Debug|Any CPU
		{F2126BEE-0366-4999-9472-495F40ED33A8}.Debug|Any CPU.Build.0 = Debug|Any CPU
		{F2126BEE-0366-4999-9472-495F40ED33A8}.Release|Any CPU.ActiveCfg = Release|Any CPU
		{F2126BEE-0366-4999-9472-495F40ED33A8}.Release|Any CPU.Build.0 = Release|Any CPU
		{66186C10-45E2-4227-8F8B-CA69650072C1}.Debug|Any CPU.ActiveCfg = Debug|Any CPU
		{66186C10-45E2-4227-8F8B-CA69650072C1}.Debug|Any CPU.Build.0 = Debug|Any CPU
		{66186C10-45E2-4227-8F8B-CA69650072C1}.Release|Any CPU.ActiveCfg = Release|Any CPU
		{66186C10-45E2-4227-8F8B-CA69650072C1}.Release|Any CPU.Build.0 = Release|Any CPU
		{02A45136-7161-4A89-B6B2-8DC84B54750C}.Debug|Any CPU.ActiveCfg = Debug|Any CPU
		{02A45136-7161-4A89-B6B2-8DC84B54750C}.Debug|Any CPU.Build.0 = Debug|Any CPU
		{02A45136-7161-4A89-B6B2-8DC84B54750C}.Release|Any CPU.ActiveCfg = Release|Any CPU
		{02A45136-7161-4A89-B6B2-8DC84B54750C}.Release|Any CPU.Build.0 = Release|Any CPU
		{BE0B774E-7BEC-4C5C-887E-BD3D2D57FE1C}.Debug|Any CPU.ActiveCfg = Debug|Any CPU
		{BE0B774E-7BEC-4C5C-887E-BD3D2D57FE1C}.Debug|Any CPU.Build.0 = Debug|Any CPU
		{BE0B774E-7BEC-4C5C-887E-BD3D2D57FE1C}.Release|Any CPU.ActiveCfg = Release|Any CPU
		{BE0B774E-7BEC-4C5C-887E-BD3D2D57FE1C}.Release|Any CPU.Build.0 = Release|Any CPU
		{A0BB35E4-9E54-4073-A216-ED9BA682BD18}.Debug|Any CPU.ActiveCfg = Debug|Any CPU
		{A0BB35E4-9E54-4073-A216-ED9BA682BD18}.Debug|Any CPU.Build.0 = Debug|Any CPU
		{A0BB35E4-9E54-4073-A216-ED9BA682BD18}.Release|Any CPU.ActiveCfg = Release|Any CPU
		{A0BB35E4-9E54-4073-A216-ED9BA682BD18}.Release|Any CPU.Build.0 = Release|Any CPU
		{5E8721D7-FD0B-4D28-A06D-0864202B0196}.Debug|Any CPU.ActiveCfg = Debug|Any CPU
		{5E8721D7-FD0B-4D28-A06D-0864202B0196}.Debug|Any CPU.Build.0 = Debug|Any CPU
		{5E8721D7-FD0B-4D28-A06D-0864202B0196}.Release|Any CPU.ActiveCfg = Release|Any CPU
		{5E8721D7-FD0B-4D28-A06D-0864202B0196}.Release|Any CPU.Build.0 = Release|Any CPU
	EndGlobalSection
	GlobalSection(SolutionProperties) = preSolution
		HideSolutionNode = FALSE
	EndGlobalSection
	GlobalSection(NestedProjects) = preSolution
		{124CC9C3-A86B-4C03-B229-28A92172C39B} = {2FFA9BA2-0992-4935-86A1-E982B93D0432}
		{2D6CAD25-12EB-4E34-B9EB-E66C894D40DD} = {2FFA9BA2-0992-4935-86A1-E982B93D0432}
		{8FFEA04B-E551-47F5-BB84-EF8DF86FF1A2} = {BD8AE2F6-7CD7-4D64-B815-C51DE6D34219}
		{ED29DD25-9E6D-441A-94DC-3081F79C85A9} = {BD8AE2F6-7CD7-4D64-B815-C51DE6D34219}
		{08B52E17-7362-4114-B0F1-C67C98EF30E4} = {BD8AE2F6-7CD7-4D64-B815-C51DE6D34219}
		{F2126BEE-0366-4999-9472-495F40ED33A8} = {BD8AE2F6-7CD7-4D64-B815-C51DE6D34219}
		{66186C10-45E2-4227-8F8B-CA69650072C1} = {F5C5CBCC-5824-4CF9-BD82-F4E55D116EAA}
		{02A45136-7161-4A89-B6B2-8DC84B54750C} = {BD8AE2F6-7CD7-4D64-B815-C51DE6D34219}
		{BE0B774E-7BEC-4C5C-887E-BD3D2D57FE1C} = {2FFA9BA2-0992-4935-86A1-E982B93D0432}
		{A0BB35E4-9E54-4073-A216-ED9BA682BD18} = {BEFBAD94-5DE2-40BA-844B-AF64DEB21F5A}
		{5E8721D7-FD0B-4D28-A06D-0864202B0196} = {BD8AE2F6-7CD7-4D64-B815-C51DE6D34219}
	EndGlobalSection
EndGlobal
